# This file is automatically @generated by Cargo.
# It is not intended for manual editing.
version = 4

[[package]]
name = "day002-project-units"
version = "0.1.0"

[[package]]
name = "day003-expressions-and-places"
version = "0.1.0"

[[package]]
name = "day005-bindings-and-constants"
version = "0.1.0"

[[package]]
name = "day006-core-types"
version = "0.1.0"

[[package]]
name = "day007-function-expressions"
version = "0.1.0"

[[package]]
name = "day008-control-flow"
version = "0.1.0"

[[package]]
name = "day009-move-copy-clone"
version = "0.1.0"

[[package]]
name = "day010-borrowing-and-reborrowing"
version = "0.1.0"

[[package]]
name = "day011-slice-ownership"
version = "0.1.0"

[[package]]
name = "day012-lifetime-annotations"
version = "0.1.0"

[[package]]
name = "day013-drop-and-raii"
version = "0.1.0"
